{
  "version": 4,
  "terraform_version": "1.8.3",
  "serial": 289,
  "lineage": "ede19002-ac09-5bb5-ad32-b082fd6ac8d3",
  "outputs": {},
  "resources": [
    {
      "mode": "data",
      "type": "aws_iam_policy_document",
      "name": "cloudwatch_logs_policy_document",
      "provider": "provider[\"registry.terraform.io/hashicorp/aws\"]",
      "instances": [
        {
          "schema_version": 0,
          "attributes": {
            "id": "3546645223",
            "json": "{\n  \"Version\": \"2012-10-17\",\n  \"Statement\": [\n    {\n      \"Effect\": \"Allow\",\n      \"Action\": [\n        \"logs:PutLogEvents\",\n        \"logs:CreateLogStream\",\n        \"logs:CreateLogGroup\"\n      ],\n      \"Resource\": \"*\"\n    }\n  ]\n}",
            "minified_json": "{\"Version\":\"2012-10-17\",\"Statement\":[{\"Effect\":\"Allow\",\"Action\":[\"logs:PutLogEvents\",\"logs:CreateLogStream\",\"logs:CreateLogGroup\"],\"Resource\":\"*\"}]}",
            "override_json": null,
            "override_policy_documents": null,
            "policy_id": null,
            "source_json": null,
            "source_policy_documents": null,
            "statement": [
              {
                "actions": [
                  "logs:CreateLogGroup",
                  "logs:CreateLogStream",
                  "logs:PutLogEvents"
                ],
                "condition": [],
                "effect": "Allow",
                "not_actions": [],
                "not_principals": [],
                "not_resources": [],
                "principals": [],
                "resources": [
                  "*"
                ],
                "sid": ""
              }
            ],
            "version": "2012-10-17"
          },
          "sensitive_attributes": []
        }
      ]
    },
    {
      "mode": "data",
      "type": "aws_iam_policy_document",
      "name": "glue_assume_role_policy_document",
      "provider": "provider[\"registry.terraform.io/hashicorp/aws\"]",
      "instances": [
        {
          "schema_version": 0,
          "attributes": {
            "id": "2681768870",
            "json": "{\n  \"Version\": \"2012-10-17\",\n  \"Statement\": [\n    {\n      \"Effect\": \"Allow\",\n      \"Action\": \"sts:AssumeRole\",\n      \"Principal\": {\n        \"Service\": \"glue.amazonaws.com\"\n      }\n    }\n  ]\n}",
            "minified_json": "{\"Version\":\"2012-10-17\",\"Statement\":[{\"Effect\":\"Allow\",\"Action\":\"sts:AssumeRole\",\"Principal\":{\"Service\":\"glue.amazonaws.com\"}}]}",
            "override_json": null,
            "override_policy_documents": null,
            "policy_id": null,
            "source_json": null,
            "source_policy_documents": null,
            "statement": [
              {
                "actions": [
                  "sts:AssumeRole"
                ],
                "condition": [],
                "effect": "Allow",
                "not_actions": [],
                "not_principals": [],
                "not_resources": [],
                "principals": [
                  {
                    "identifiers": [
                      "glue.amazonaws.com"
                    ],
                    "type": "Service"
                  }
                ],
                "resources": [],
                "sid": ""
              }
            ],
            "version": "2012-10-17"
          },
          "sensitive_attributes": []
        }
      ]
    },
    {
      "mode": "data",
      "type": "aws_iam_policy_document",
      "name": "lambda_assume_role_policy_document",
      "provider": "provider[\"registry.terraform.io/hashicorp/aws\"]",
      "instances": [
        {
          "schema_version": 0,
          "attributes": {
            "id": "2690255455",
            "json": "{\n  \"Version\": \"2012-10-17\",\n  \"Statement\": [\n    {\n      \"Effect\": \"Allow\",\n      \"Action\": \"sts:AssumeRole\",\n      \"Principal\": {\n        \"Service\": \"lambda.amazonaws.com\"\n      }\n    }\n  ]\n}",
            "minified_json": "{\"Version\":\"2012-10-17\",\"Statement\":[{\"Effect\":\"Allow\",\"Action\":\"sts:AssumeRole\",\"Principal\":{\"Service\":\"lambda.amazonaws.com\"}}]}",
            "override_json": null,
            "override_policy_documents": null,
            "policy_id": null,
            "source_json": null,
            "source_policy_documents": null,
            "statement": [
              {
                "actions": [
                  "sts:AssumeRole"
                ],
                "condition": [],
                "effect": "Allow",
                "not_actions": [],
                "not_principals": [],
                "not_resources": [],
                "principals": [
                  {
                    "identifiers": [
                      "lambda.amazonaws.com"
                    ],
                    "type": "Service"
                  }
                ],
                "resources": [],
                "sid": ""
              }
            ],
            "version": "2012-10-17"
          },
          "sensitive_attributes": []
        }
      ]
    },
    {
      "mode": "data",
      "type": "aws_iam_policy_document",
      "name": "s3_access_policy_document",
      "provider": "provider[\"registry.terraform.io/hashicorp/aws\"]",
      "instances": [
        {
          "schema_version": 0,
          "attributes": {
            "id": "3046248398",
            "json": "{\n  \"Version\": \"2012-10-17\",\n  \"Statement\": [\n    {\n      \"Effect\": \"Allow\",\n      \"Action\": [\n        \"s3:PutObject\",\n        \"s3:GetObject\",\n        \"s3:DeleteObject\"\n      ],\n      \"Resource\": [\n        \"arn:aws:s3:::exemplo-de-spark-join-e-estrategias-de-melhoria-de-performance/*\",\n        \"arn:aws:s3:::exemplo-de-spark-join-e-estrategias-de-melhoria-de-performance\"\n      ]\n    }\n  ]\n}",
            "minified_json": "{\"Version\":\"2012-10-17\",\"Statement\":[{\"Effect\":\"Allow\",\"Action\":[\"s3:PutObject\",\"s3:GetObject\",\"s3:DeleteObject\"],\"Resource\":[\"arn:aws:s3:::exemplo-de-spark-join-e-estrategias-de-melhoria-de-performance/*\",\"arn:aws:s3:::exemplo-de-spark-join-e-estrategias-de-melhoria-de-performance\"]}]}",
            "override_json": null,
            "override_policy_documents": null,
            "policy_id": null,
            "source_json": null,
            "source_policy_documents": null,
            "statement": [
              {
                "actions": [
                  "s3:DeleteObject",
                  "s3:GetObject",
                  "s3:PutObject"
                ],
                "condition": [],
                "effect": "Allow",
                "not_actions": [],
                "not_principals": [],
                "not_resources": [],
                "principals": [],
                "resources": [
                  "arn:aws:s3:::exemplo-de-spark-join-e-estrategias-de-melhoria-de-performance",
                  "arn:aws:s3:::exemplo-de-spark-join-e-estrategias-de-melhoria-de-performance/*"
                ],
                "sid": ""
              }
            ],
            "version": "2012-10-17"
          },
          "sensitive_attributes": []
        }
      ]
    },
    {
      "mode": "managed",
      "type": "aws_iam_policy",
      "name": "cloudwatch_logs_policy",
      "provider": "provider[\"registry.terraform.io/hashicorp/aws\"]",
      "instances": [
        {
          "schema_version": 0,
          "attributes": {
            "arn": "arn:aws:iam::669693988287:policy/CloudWatchLogsPolicy",
            "attachment_count": 2,
            "description": "Policy to access CloudWatch Logs",
            "id": "arn:aws:iam::669693988287:policy/CloudWatchLogsPolicy",
            "name": "CloudWatchLogsPolicy",
            "name_prefix": "",
            "path": "/",
            "policy": "{\"Statement\":[{\"Action\":[\"logs:PutLogEvents\",\"logs:CreateLogStream\",\"logs:CreateLogGroup\"],\"Effect\":\"Allow\",\"Resource\":\"*\"}],\"Version\":\"2012-10-17\"}",
            "policy_id": "ANPAZX3G7JW765NNNFE4E",
            "tags": {},
            "tags_all": {}
          },
          "sensitive_attributes": [],
          "private": "bnVsbA==",
          "dependencies": [
            "data.aws_iam_policy_document.cloudwatch_logs_policy_document"
          ]
        }
      ]
    },
    {
      "mode": "managed",
      "type": "aws_iam_policy",
      "name": "s3_access_policy",
      "provider": "provider[\"registry.terraform.io/hashicorp/aws\"]",
      "instances": [
        {
          "schema_version": 0,
          "attributes": {
            "arn": "arn:aws:iam::669693988287:policy/S3AccessPolicy",
            "attachment_count": 2,
            "description": "Policy to access S3 bucket",
            "id": "arn:aws:iam::669693988287:policy/S3AccessPolicy",
            "name": "S3AccessPolicy",
            "name_prefix": "",
            "path": "/",
            "policy": "{\"Statement\":[{\"Action\":[\"s3:PutObject\",\"s3:GetObject\",\"s3:DeleteObject\"],\"Effect\":\"Allow\",\"Resource\":[\"arn:aws:s3:::exemplo-de-spark-join-e-estrategias-de-melhoria-de-performance/*\",\"arn:aws:s3:::exemplo-de-spark-join-e-estrategias-de-melhoria-de-performance\"]}],\"Version\":\"2012-10-17\"}",
            "policy_id": "ANPAZX3G7JW77ZK4YBYME",
            "tags": {},
            "tags_all": {}
          },
          "sensitive_attributes": [],
          "private": "bnVsbA==",
          "dependencies": [
            "data.aws_iam_policy_document.s3_access_policy_document"
          ]
        }
      ]
    },
    {
      "mode": "managed",
      "type": "aws_iam_role",
      "name": "general_pipeline_glue_role",
      "provider": "provider[\"registry.terraform.io/hashicorp/aws\"]",
      "instances": [
        {
          "schema_version": 0,
          "attributes": {
            "arn": "arn:aws:iam::669693988287:role/general_pipeline_glue_role",
            "assume_role_policy": "{\"Statement\":[{\"Action\":\"sts:AssumeRole\",\"Effect\":\"Allow\",\"Principal\":{\"Service\":\"glue.amazonaws.com\"}}],\"Version\":\"2012-10-17\"}",
            "create_date": "2024-05-27T14:25:17Z",
            "description": "",
            "force_detach_policies": false,
            "id": "general_pipeline_glue_role",
            "inline_policy": [],
            "managed_policy_arns": [
              "arn:aws:iam::669693988287:policy/CloudWatchLogsPolicy",
              "arn:aws:iam::669693988287:policy/S3AccessPolicy"
            ],
            "max_session_duration": 3600,
            "name": "general_pipeline_glue_role",
            "name_prefix": "",
            "path": "/",
            "permissions_boundary": "",
            "tags": {},
            "tags_all": {},
            "unique_id": "AROAZX3G7JW77O7HMXU5U"
          },
          "sensitive_attributes": [],
          "private": "bnVsbA==",
          "dependencies": [
            "data.aws_iam_policy_document.glue_assume_role_policy_document"
          ]
        }
      ]
    },
    {
      "mode": "managed",
      "type": "aws_iam_role",
      "name": "general_pipeline_lambda_role",
      "provider": "provider[\"registry.terraform.io/hashicorp/aws\"]",
      "instances": [
        {
          "schema_version": 0,
          "attributes": {
            "arn": "arn:aws:iam::669693988287:role/general_pipeline_lambda_role",
            "assume_role_policy": "{\"Statement\":[{\"Action\":\"sts:AssumeRole\",\"Effect\":\"Allow\",\"Principal\":{\"Service\":\"lambda.amazonaws.com\"},\"Sid\":\"\"}],\"Version\":\"2012-10-17\"}",
            "create_date": "2024-05-20T14:48:12Z",
            "description": "",
            "force_detach_policies": false,
            "id": "general_pipeline_lambda_role",
            "inline_policy": [
              {
                "name": "",
                "policy": ""
              }
            ],
            "managed_policy_arns": [
              "arn:aws:iam::669693988287:policy/CloudWatchLogsPolicy",
              "arn:aws:iam::669693988287:policy/S3AccessPolicy"
            ],
            "max_session_duration": 3600,
            "name": "general_pipeline_lambda_role",
            "name_prefix": "",
            "path": "/",
            "permissions_boundary": "",
            "tags": {},
            "tags_all": {},
            "unique_id": "AROAZX3G7JW7SNY24DEAH"
          },
          "sensitive_attributes": [],
          "private": "bnVsbA==",
          "dependencies": [
            "data.aws_iam_policy_document.lambda_assume_role_policy_document"
          ]
        }
      ]
    },
    {
      "mode": "managed",
      "type": "aws_iam_role_policy_attachment",
      "name": "attach_cloudwatch_logs_policy_on_glue_role",
      "provider": "provider[\"registry.terraform.io/hashicorp/aws\"]",
      "instances": [
        {
          "schema_version": 0,
          "attributes": {
            "id": "general_pipeline_glue_role-20240529143229870000000001",
            "policy_arn": "arn:aws:iam::669693988287:policy/CloudWatchLogsPolicy",
            "role": "general_pipeline_glue_role"
          },
          "sensitive_attributes": [],
          "private": "bnVsbA==",
          "dependencies": [
            "aws_iam_policy.cloudwatch_logs_policy",
            "aws_iam_role.general_pipeline_glue_role",
            "data.aws_iam_policy_document.cloudwatch_logs_policy_document",
            "data.aws_iam_policy_document.glue_assume_role_policy_document"
          ]
        }
      ]
    },
    {
      "mode": "managed",
      "type": "aws_iam_role_policy_attachment",
      "name": "attach_cloudwatch_logs_policy_on_lambda_role",
      "provider": "provider[\"registry.terraform.io/hashicorp/aws\"]",
      "instances": [
        {
          "schema_version": 0,
          "attributes": {
            "id": "general_pipeline_lambda_role-20240529143230081800000002",
            "policy_arn": "arn:aws:iam::669693988287:policy/CloudWatchLogsPolicy",
            "role": "general_pipeline_lambda_role"
          },
          "sensitive_attributes": [],
          "private": "bnVsbA==",
          "dependencies": [
            "aws_iam_policy.cloudwatch_logs_policy",
            "aws_iam_role.general_pipeline_lambda_role",
            "data.aws_iam_policy_document.cloudwatch_logs_policy_document",
            "data.aws_iam_policy_document.lambda_assume_role_policy_document"
          ]
        }
      ]
    },
    {
      "mode": "managed",
      "type": "aws_iam_role_policy_attachment",
      "name": "attach_s3_access_policy_on_glue_role",
      "provider": "provider[\"registry.terraform.io/hashicorp/aws\"]",
      "instances": [
        {
          "schema_version": 0,
          "attributes": {
            "id": "general_pipeline_glue_role-20240527142518029000000002",
            "policy_arn": "arn:aws:iam::669693988287:policy/S3AccessPolicy",
            "role": "general_pipeline_glue_role"
          },
          "sensitive_attributes": [],
          "private": "bnVsbA==",
          "dependencies": [
            "aws_iam_policy.s3_access_policy",
            "aws_iam_role.general_pipeline_glue_role",
            "data.aws_iam_policy_document.glue_assume_role_policy_document",
            "data.aws_iam_policy_document.s3_access_policy_document"
          ]
        }
      ]
    },
    {
      "mode": "managed",
      "type": "aws_iam_role_policy_attachment",
      "name": "attach_s3_access_policy_on_lambda_role",
      "provider": "provider[\"registry.terraform.io/hashicorp/aws\"]",
      "instances": [
        {
          "schema_version": 0,
          "attributes": {
            "id": "general_pipeline_lambda_role-20240527142517828700000001",
            "policy_arn": "arn:aws:iam::669693988287:policy/S3AccessPolicy",
            "role": "general_pipeline_lambda_role"
          },
          "sensitive_attributes": [],
          "private": "bnVsbA==",
          "dependencies": [
            "aws_iam_policy.s3_access_policy",
            "aws_iam_role.general_pipeline_lambda_role",
            "data.aws_iam_policy_document.lambda_assume_role_policy_document",
            "data.aws_iam_policy_document.s3_access_policy_document"
          ]
        }
      ]
    },
    {
      "module": "module.GLUE_ED_PYTHONSHELL_NOPROJECT_PANDAS_TEST",
      "mode": "managed",
      "type": "aws_glue_job",
      "name": "this",
      "provider": "provider[\"registry.terraform.io/hashicorp/aws\"]",
      "instances": [
        {
          "schema_version": 0,
          "attributes": {
            "arn": "arn:aws:glue:us-east-1:669693988287:job/GLUE_ED_PYTHONSHELL_NOPROJECT_PANDAS_TEST",
            "command": [
              {
                "name": "pythonshell",
                "python_version": "3.9",
                "runtime": "",
                "script_location": "s3://exemplo-de-spark-join-e-estrategias-de-melhoria-de-performance/src/glue_de_python_shell_pandas.py"
              }
            ],
            "connections": [],
            "default_arguments": {
              "--extra-py-files": "s3://exemplo-de-spark-join-e-estrategias-de-melhoria-de-performance/src_code/external_lib_duckdb_helper-0.0.1-py3-none-any.whl"
            },
            "description": "A Glue job that runs a Python shell script with Pandas",
            "execution_class": "",
            "execution_property": [
              {
                "max_concurrent_runs": 1
              }
            ],
            "glue_version": "4.0",
            "id": "GLUE_ED_PYTHONSHELL_NOPROJECT_PANDAS_TEST",
            "max_capacity": 0.0625,
            "max_retries": 0,
            "name": "GLUE_ED_PYTHONSHELL_NOPROJECT_PANDAS_TEST",
            "non_overridable_arguments": {},
            "notification_property": [],
            "number_of_workers": 0,
            "role_arn": "arn:aws:iam::669693988287:role/general_pipeline_glue_role",
            "security_configuration": "",
            "tags": {},
            "tags_all": {},
            "timeout": 2880,
            "worker_type": ""
          },
          "sensitive_attributes": [],
          "private": "bnVsbA==",
          "dependencies": [
            "aws_iam_role.general_pipeline_glue_role",
            "data.aws_iam_policy_document.glue_assume_role_policy_document",
            "module.GLUE_ED_PYTHONSHELL_NOPROJECT_PANDAS_TEST.aws_s3_object.source_code",
            "module.external_libs_duckdb_helper.aws_s3_object.glue_extra_pyfiles_on_s3"
          ]
        }
      ]
    },
    {
      "module": "module.GLUE_ED_PYTHONSHELL_NOPROJECT_PANDAS_TEST",
      "mode": "managed",
      "type": "aws_s3_object",
      "name": "source_code",
      "provider": "provider[\"registry.terraform.io/hashicorp/aws\"]",
      "instances": [
        {
          "schema_version": 0,
          "attributes": {
            "acl": null,
            "arn": "arn:aws:s3:::exemplo-de-spark-join-e-estrategias-de-melhoria-de-performance/src/glue_de_python_shell_pandas.py",
            "bucket": "exemplo-de-spark-join-e-estrategias-de-melhoria-de-performance",
            "bucket_key_enabled": false,
            "cache_control": "",
            "checksum_algorithm": null,
            "checksum_crc32": "",
            "checksum_crc32c": "",
            "checksum_sha1": "",
            "checksum_sha256": "",
            "content": null,
            "content_base64": null,
            "content_disposition": "",
            "content_encoding": "",
            "content_language": "",
            "content_type": "application/octet-stream",
            "etag": "dd8af1b9b74aedb9c50111358c95025e",
            "force_destroy": false,
            "id": "src/glue_de_python_shell_pandas.py",
            "key": "src/glue_de_python_shell_pandas.py",
            "kms_key_id": null,
            "metadata": {},
            "object_lock_legal_hold_status": "",
            "object_lock_mode": "",
            "object_lock_retain_until_date": "",
            "override_provider": [],
            "server_side_encryption": "AES256",
            "source": "./../src/python_shell/glue_de_python_shell_pandas.py",
            "source_hash": "ETKQPjAjyhio7l31gmsNfJ5obEcho/5114I81eJnXGg=",
            "storage_class": "STANDARD",
            "tags": {},
            "tags_all": {},
            "version_id": "",
            "website_redirect": ""
          },
          "sensitive_attributes": [],
          "private": "bnVsbA=="
        }
      ]
    },
    {
      "module": "module.LAMBDA_DE_ETL_CONSUME_FAKE_DATA_ON_S3",
      "mode": "data",
      "type": "archive_file",
      "name": "lambda_artifact",
      "provider": "provider[\"registry.terraform.io/hashicorp/archive\"]",
      "instances": [
        {
          "schema_version": 0,
          "attributes": {
            "exclude_symlink_directories": null,
            "excludes": null,
            "id": "233cf5d8094af5aa41647315cc13176f1fa30836",
            "output_base64sha256": "vmMcEJE3997o1adJbQ24U+tnEoZyVPTHyuTklC7/bPY=",
            "output_base64sha512": "vz1i6fNSg3LcEL75kGXrISOwU5C6Uk+VFWBBs12k/NMtuGkpPX9/C8t8lYTYtBOIHM9p91pchdpbvYAGqfepdg==",
            "output_file_mode": null,
            "output_md5": "a5add6532f20c1fb802f09cbf9a6fed9",
            "output_path": "./../build/LAMBDA_DE_ETL_CONSUME_FAKE_DATA_ON_S3.zip",
            "output_sha": "233cf5d8094af5aa41647315cc13176f1fa30836",
            "output_sha256": "be631c109137f7dee8d5a7496d0db853eb6712867254f4c7cae4e4942eff6cf6",
            "output_sha512": "bf3d62e9f3528372dc10bef99065eb2123b05390ba524f95156041b35da4fcd32db869293d7f7f0bcb7c9584d8b413881ccf69f75a5c85da5bbd8006a9f7a976",
            "output_size": 615,
            "source": [
              {
                "content": "from duckdb_helper import get_connection_with_aws_credentials \n\ndef compute_fake_data() -\u003e None:\n    \"\"\"Consume fake data writing by 'lambda_de_etl_consume_fake_data_on_s3' .\"\"\"\n    \n    BUCKET_NAME = 'exemplo-de-spark-join-e-estrategias-de-melhoria-de-performance'\n    FOLDER = 'fake_data'\n    FILENAME = 'data.parquet'\n    FULL_PATH = f's3://{BUCKET_NAME}/{FOLDER}/{FILENAME}'\n    \n    sql = \\\n    f\"\"\"--sql\n    SELECT * FROM READ_PARQUET('{FULL_PATH}')\n    \"\"\"\n    \n    conn = get_connection_with_aws_credentials() \n    conn.sql(sql).show()\n    \ndef main(event: dict = {}, context: dict = {}):\n    compute_fake_data()\n    \n    return {\n        'code': 200\n    }\n    \nif __name__ == '__main__':\n    main()\n    ",
                "filename": "lambda_de_etl_consume_fake_data_on_s3.py"
              }
            ],
            "source_content": null,
            "source_content_filename": null,
            "source_dir": null,
            "source_file": null,
            "type": "zip"
          },
          "sensitive_attributes": []
        }
      ]
    },
    {
      "module": "module.LAMBDA_DE_ETL_CONSUME_FAKE_DATA_ON_S3",
      "mode": "managed",
      "type": "aws_lambda_function",
      "name": "lambda",
      "provider": "provider[\"registry.terraform.io/hashicorp/aws\"]",
      "instances": [
        {
          "schema_version": 0,
          "attributes": {
            "architectures": [
              "x86_64"
            ],
            "arn": "arn:aws:lambda:us-east-1:669693988287:function:LAMBDA_DE_ETL_CONSUME_FAKE_DATA_ON_S3",
            "code_signing_config_arn": "",
            "dead_letter_config": [],
            "description": "",
            "environment": [],
            "ephemeral_storage": [
              {
                "size": 512
              }
            ],
            "file_system_config": [],
            "filename": "./../build/LAMBDA_DE_ETL_CONSUME_FAKE_DATA_ON_S3.zip",
            "function_name": "LAMBDA_DE_ETL_CONSUME_FAKE_DATA_ON_S3",
            "handler": "lambda_de_etl_consume_fake_data_on_s3.main",
            "id": "LAMBDA_DE_ETL_CONSUME_FAKE_DATA_ON_S3",
            "image_config": [],
            "image_uri": "",
            "invoke_arn": "arn:aws:apigateway:us-east-1:lambda:path/2015-03-31/functions/arn:aws:lambda:us-east-1:669693988287:function:LAMBDA_DE_ETL_CONSUME_FAKE_DATA_ON_S3/invocations",
            "kms_key_arn": "",
            "last_modified": "2024-06-04T13:13:39.182+0000",
            "layers": [
              "arn:aws:lambda:us-east-1:669693988287:layer:lambda_layer_external_libs_duckdb_helper:2"
            ],
            "logging_config": [
              {
                "application_log_level": "",
                "log_format": "Text",
                "log_group": "/aws/lambda/LAMBDA_DE_ETL_CONSUME_FAKE_DATA_ON_S3",
                "system_log_level": ""
              }
            ],
            "memory_size": 128,
            "package_type": "Zip",
            "publish": false,
            "qualified_arn": "arn:aws:lambda:us-east-1:669693988287:function:LAMBDA_DE_ETL_CONSUME_FAKE_DATA_ON_S3:$LATEST",
            "qualified_invoke_arn": "arn:aws:apigateway:us-east-1:lambda:path/2015-03-31/functions/arn:aws:lambda:us-east-1:669693988287:function:LAMBDA_DE_ETL_CONSUME_FAKE_DATA_ON_S3:$LATEST/invocations",
            "replace_security_groups_on_destroy": null,
            "replacement_security_group_ids": null,
            "reserved_concurrent_executions": -1,
            "role": "arn:aws:iam::669693988287:role/general_pipeline_lambda_role",
            "runtime": "python3.10",
            "s3_bucket": null,
            "s3_key": null,
            "s3_object_version": null,
            "signing_job_arn": "",
            "signing_profile_version_arn": "",
            "skip_destroy": false,
            "snap_start": [],
            "source_code_hash": "vmMcEJE3997o1adJbQ24U+tnEoZyVPTHyuTklC7/bPY=",
            "source_code_size": 615,
            "tags": null,
            "tags_all": {},
            "timeout": 15,
            "timeouts": null,
            "tracing_config": [
              {
                "mode": "PassThrough"
              }
            ],
            "version": "$LATEST",
            "vpc_config": []
          },
          "sensitive_attributes": [],
          "private": "eyJlMmJmYjczMC1lY2FhLTExZTYtOGY4OC0zNDM2M2JjN2M0YzAiOnsiY3JlYXRlIjo2MDAwMDAwMDAwMDAsImRlbGV0ZSI6NjAwMDAwMDAwMDAwLCJ1cGRhdGUiOjYwMDAwMDAwMDAwMH19",
          "dependencies": [
            "aws_iam_role.general_pipeline_lambda_role",
            "data.aws_iam_policy_document.lambda_assume_role_policy_document",
            "module.LAMBDA_DE_ETL_CONSUME_FAKE_DATA_ON_S3.data.archive_file.lambda_artifact",
            "module.external_libs_duckdb_helper.aws_lambda_layer_version.layer"
          ]
        }
      ]
    },
    {
      "module": "module.LAMBDA_DE_UTILITY_CREATE_FAKE_DATA_ON_S3",
      "mode": "data",
      "type": "archive_file",
      "name": "lambda_artifact",
      "provider": "provider[\"registry.terraform.io/hashicorp/archive\"]",
      "instances": [
        {
          "schema_version": 0,
          "attributes": {
            "exclude_symlink_directories": null,
            "excludes": null,
            "id": "fb40f222d5b613e07c01b8a334d754ffb6094bcc",
            "output_base64sha256": "WIf8AP9bvW1a18IVQW63G3MQJgsKX7vYKSevyTl2waM=",
            "output_base64sha512": "g1xxnGfGn2x5SkesZZDoPHsT1Qeh2LY9VVfJOLp3OwIiQVTo0TfsTHD2U5aN+oqFkeJ8OOysT4P2IsdLYlNRhw==",
            "output_file_mode": null,
            "output_md5": "5e0f9769d940626f9162652d3da562dd",
            "output_path": "./../build/LAMBDA_DE_UTILITY_CREATE_FAKE_DATA_ON_S3.zip",
            "output_sha": "fb40f222d5b613e07c01b8a334d754ffb6094bcc",
            "output_sha256": "5887fc00ff5bbd6d5ad7c215416eb71b7310260b0a5fbbd82927afc93976c1a3",
            "output_sha512": "835c719c67c69f6c794a47ac6590e83c7b13d507a1d8b63d5557c938ba773b02224154e8d137ec4c70f653968dfa8a8591e27c38ecac4f83f622c74b62535187",
            "output_size": 717,
            "source": [
              {
                "content": "from duckdb_helper import get_connection_with_aws_credentials \n\ndef compute_fake_data() -\u003e None:\n    \"\"\"Generate fake data and save it on S3.\"\"\"\n    \n    BUCKET_NAME = 'exemplo-de-spark-join-e-estrategias-de-melhoria-de-performance'\n    FOLDER = 'fake_data'\n    FILENAME = 'data.parquet'\n    FULL_PATH = f's3://{BUCKET_NAME}/{FOLDER}/{FILENAME}'\n    \n    sql = \\\n    f\"\"\"--sql\n    COPY (\n        SELECT \n            HASH(i * 10 + j) AS id, \n            IF (j % 2, TRUE, FALSE) AS flag\n        FROM \n            GENERATE_SERIES(1, 100000) s(i)\n            CROSS JOIN GENERATE_SERIES(1, 2) t(j)\n    ) \n    \n    TO '{FULL_PATH}' ( FORMAT PARQUET, OVERWRITE_OR_IGNORE TRUE )\n    \"\"\"\n    \n    get_connection_with_aws_credentials().sql(sql)\n    \ndef main(event: dict = {}, context: dict = {}):\n    compute_fake_data()\n    \n    return {\n        'code': 200\n    }\n    \nif __name__ == '__main__':\n    main()\n    ",
                "filename": "lambda_de_utility_create_fake_data_on_s3.py"
              }
            ],
            "source_content": null,
            "source_content_filename": null,
            "source_dir": null,
            "source_file": null,
            "type": "zip"
          },
          "sensitive_attributes": []
        }
      ]
    },
    {
      "module": "module.LAMBDA_DE_UTILITY_CREATE_FAKE_DATA_ON_S3",
      "mode": "managed",
      "type": "aws_lambda_function",
      "name": "lambda",
      "provider": "provider[\"registry.terraform.io/hashicorp/aws\"]",
      "instances": [
        {
          "schema_version": 0,
          "attributes": {
            "architectures": [
              "x86_64"
            ],
            "arn": "arn:aws:lambda:us-east-1:669693988287:function:LAMBDA_DE_UTILITY_CREATE_FAKE_DATA_ON_S3",
            "code_signing_config_arn": "",
            "dead_letter_config": [],
            "description": "",
            "environment": [],
            "ephemeral_storage": [
              {
                "size": 512
              }
            ],
            "file_system_config": [],
            "filename": "./../build/LAMBDA_DE_UTILITY_CREATE_FAKE_DATA_ON_S3.zip",
            "function_name": "LAMBDA_DE_UTILITY_CREATE_FAKE_DATA_ON_S3",
            "handler": "lambda_de_utility_create_fake_data_on_s3.main",
            "id": "LAMBDA_DE_UTILITY_CREATE_FAKE_DATA_ON_S3",
            "image_config": [],
            "image_uri": "",
            "invoke_arn": "arn:aws:apigateway:us-east-1:lambda:path/2015-03-31/functions/arn:aws:lambda:us-east-1:669693988287:function:LAMBDA_DE_UTILITY_CREATE_FAKE_DATA_ON_S3/invocations",
            "kms_key_arn": "",
            "last_modified": "2024-06-04T13:13:27.036+0000",
            "layers": [
              "arn:aws:lambda:us-east-1:669693988287:layer:lambda_layer_external_libs_duckdb_helper:2"
            ],
            "logging_config": [
              {
                "application_log_level": "",
                "log_format": "Text",
                "log_group": "/aws/lambda/LAMBDA_DE_UTILITY_CREATE_FAKE_DATA_ON_S3",
                "system_log_level": ""
              }
            ],
            "memory_size": 128,
            "package_type": "Zip",
            "publish": false,
            "qualified_arn": "arn:aws:lambda:us-east-1:669693988287:function:LAMBDA_DE_UTILITY_CREATE_FAKE_DATA_ON_S3:$LATEST",
            "qualified_invoke_arn": "arn:aws:apigateway:us-east-1:lambda:path/2015-03-31/functions/arn:aws:lambda:us-east-1:669693988287:function:LAMBDA_DE_UTILITY_CREATE_FAKE_DATA_ON_S3:$LATEST/invocations",
            "replace_security_groups_on_destroy": null,
            "replacement_security_group_ids": null,
            "reserved_concurrent_executions": -1,
            "role": "arn:aws:iam::669693988287:role/general_pipeline_lambda_role",
            "runtime": "python3.10",
            "s3_bucket": null,
            "s3_key": null,
            "s3_object_version": null,
            "signing_job_arn": "",
            "signing_profile_version_arn": "",
            "skip_destroy": false,
            "snap_start": [],
            "source_code_hash": "WIf8AP9bvW1a18IVQW63G3MQJgsKX7vYKSevyTl2waM=",
            "source_code_size": 717,
            "tags": null,
            "tags_all": {},
            "timeout": 15,
            "timeouts": null,
            "tracing_config": [
              {
                "mode": "PassThrough"
              }
            ],
            "version": "$LATEST",
            "vpc_config": []
          },
          "sensitive_attributes": [],
          "private": "eyJlMmJmYjczMC1lY2FhLTExZTYtOGY4OC0zNDM2M2JjN2M0YzAiOnsiY3JlYXRlIjo2MDAwMDAwMDAwMDAsImRlbGV0ZSI6NjAwMDAwMDAwMDAwLCJ1cGRhdGUiOjYwMDAwMDAwMDAwMH19",
          "dependencies": [
            "aws_iam_role.general_pipeline_lambda_role",
            "data.aws_iam_policy_document.lambda_assume_role_policy_document",
            "module.LAMBDA_DE_UTILITY_CREATE_FAKE_DATA_ON_S3.data.archive_file.lambda_artifact",
            "module.external_libs_duckdb_helper.aws_lambda_layer_version.layer"
          ]
        }
      ]
    },
    {
      "module": "module.external_libs_duckdb_helper",
      "mode": "managed",
      "type": "aws_lambda_layer_version",
      "name": "layer",
      "provider": "provider[\"registry.terraform.io/hashicorp/aws\"]",
      "instances": [
        {
          "schema_version": 0,
          "attributes": {
            "arn": "arn:aws:lambda:us-east-1:669693988287:layer:lambda_layer_external_libs_duckdb_helper:2",
            "compatible_architectures": [],
            "compatible_runtimes": [
              "python3.10"
            ],
            "created_date": "2024-06-04T01:11:50.849+0000",
            "description": "",
            "filename": "./../build/external_lib_duckdb_helper.zip",
            "id": "arn:aws:lambda:us-east-1:669693988287:layer:lambda_layer_external_libs_duckdb_helper:2",
            "layer_arn": "arn:aws:lambda:us-east-1:669693988287:layer:lambda_layer_external_libs_duckdb_helper",
            "layer_name": "lambda_layer_external_libs_duckdb_helper",
            "license_info": "",
            "s3_bucket": null,
            "s3_key": null,
            "s3_object_version": null,
            "signing_job_arn": "",
            "signing_profile_version_arn": "",
            "skip_destroy": false,
            "source_code_hash": "SjdE81AGcwzqtNY3n8mlmDfxcpP8VhGgYVMa/qcy1L4=",
            "source_code_size": 39936595,
            "version": "2"
          },
          "sensitive_attributes": [],
          "private": "bnVsbA=="
        }
      ]
    },
    {
      "module": "module.external_libs_duckdb_helper",
      "mode": "managed",
      "type": "aws_s3_object",
      "name": "glue_extra_pyfiles_on_s3",
      "provider": "provider[\"registry.terraform.io/hashicorp/aws\"]",
      "instances": [
        {
          "schema_version": 0,
          "attributes": {
            "acl": null,
            "arn": "arn:aws:s3:::exemplo-de-spark-join-e-estrategias-de-melhoria-de-performance/src_code/external_lib_duckdb_helper-0.0.1-py3-none-any.whl",
            "bucket": "exemplo-de-spark-join-e-estrategias-de-melhoria-de-performance",
            "bucket_key_enabled": false,
            "cache_control": "",
            "checksum_algorithm": null,
            "checksum_crc32": "",
            "checksum_crc32c": "",
            "checksum_sha1": "",
            "checksum_sha256": "",
            "content": null,
            "content_base64": null,
            "content_disposition": "",
            "content_encoding": "",
            "content_language": "",
            "content_type": "application/octet-stream",
            "etag": "c9e1ca8fd9e255c41b5474ac149c2f8c",
            "force_destroy": false,
            "id": "src_code/external_lib_duckdb_helper-0.0.1-py3-none-any.whl",
            "key": "src_code/external_lib_duckdb_helper-0.0.1-py3-none-any.whl",
            "kms_key_id": null,
            "metadata": {},
            "object_lock_legal_hold_status": "",
            "object_lock_mode": "",
            "object_lock_retain_until_date": "",
            "override_provider": [],
            "server_side_encryption": "AES256",
            "source": "./../build/external_lib_duckdb_helper-0.0.1-py3-none-any.whl",
            "source_hash": "52HvFmRx6JICwJf4iexsMbDRi7p7bB6dKYS50L9zkyk=",
            "storage_class": "STANDARD",
            "tags": {},
            "tags_all": {},
            "version_id": "",
            "website_redirect": ""
          },
          "sensitive_attributes": [],
          "private": "bnVsbA=="
        }
      ]
    }
  ],
  "check_results": null
}
